
Microsoft Visual Studio Solution File, Format Version 12.00
# Visual Studio Version 16
VisualStudioVersion = 16.0.30406.217
MinimumVisualStudioVersion = 10.0.40219.1
Project("{9A19103F-16F7-4668-BE54-9A1E7A4F7556}") = "WpfSampleProject", "WpfSampleProject\WpfSampleProject.csproj", "{E93F2DE8-A7EF-4CD9-81B9-1C613F5E672A}"
EndProject
Project("{9A19103F-16F7-4668-BE54-9A1E7A4F7556}") = "MvvmLibrary", "..\MvvmLibrary\MvvmLibrary\MvvmLibrary.csproj", "{BFA3E2EA-DD6A-4964-BD40-6A04179EF890}"
EndProject
Project("{9A19103F-16F7-4668-BE54-9A1E7A4F7556}") = "WpfAppStyleTemplate", "WpfAppStyleTemplate\WpfAppStyleTemplate.csproj", "{E138EE54-8424-4A81-A4A4-2D0FC48CB64F}"
EndProject
Project("{9A19103F-16F7-4668-BE54-9A1E7A4F7556}") = "WpfAppAnimation", "WpfAppAnimation\WpfAppAnimation.csproj", "{589A034B-0119-4F9E-8BEF-9275485630B4}"
EndProject
Project("{9A19103F-16F7-4668-BE54-9A1E7A4F7556}") = "WpfAppCollectionView", "WpfAppCollectionView\WpfAppCollectionView.csproj", "{64D8AB2A-5009-4AF8-8F4E-7E1F2B80CE40}"
EndProject
Project("{9A19103F-16F7-4668-BE54-9A1E7A4F7556}") = "WpfAppMenu", "WpfAppMenu\WpfAppMenu.csproj", "{06378247-20CE-41DD-B3DB-CBDBD06A4DCC}"
EndProject
Project("{9A19103F-16F7-4668-BE54-9A1E7A4F7556}") = "WpfAppDependencyProperty", "WpfAppDependencyProperty\WpfAppDependencyProperty.csproj", "{5521EDF9-1708-4EED-AE36-8906430447BE}"
EndProject
Project("{9A19103F-16F7-4668-BE54-9A1E7A4F7556}") = "WpfAppAttachedProperty", "WpfAppAttachedProperty\WpfAppAttachedProperty.csproj", "{CB929EA7-211E-4725-B022-6E2F5179B8F6}"
EndProject
Project("{9A19103F-16F7-4668-BE54-9A1E7A4F7556}") = "WpfAppTelescopic", "WpfAppTelescopic\WpfAppTelescopic.csproj", "{E8AC8E25-37E7-4D4D-BFFE-11CD11D8910B}"
EndProject
Project("{2150E333-8FDC-42A3-9474-1A3956D46DE8}") = "01_Library", "01_Library", "{430E9CB1-CF91-4B38-975E-8011ECDAB316}"
EndProject
Project("{2150E333-8FDC-42A3-9474-1A3956D46DE8}") = "02_BaseProject", "02_BaseProject", "{BF1610C1-95B7-4D99-84F3-6A952AB92D1A}"
EndProject
Project("{2150E333-8FDC-42A3-9474-1A3956D46DE8}") = "04_Tried", "04_Tried", "{9E135BA7-E04D-4B86-A725-FF111D643CBB}"
EndProject
Project("{2150E333-8FDC-42A3-9474-1A3956D46DE8}") = "03_WillTry", "03_WillTry", "{B0AB8FC3-3ED2-48B7-B2EE-2851FB48E652}"
EndProject
Project("{9A19103F-16F7-4668-BE54-9A1E7A4F7556}") = "WpfAppMarkupExtension", "WpfAppMarkupExtension\WpfAppMarkupExtension.csproj", "{43A8E715-FDCA-427A-956B-156B7156CBDA}"
EndProject
Project("{9A19103F-16F7-4668-BE54-9A1E7A4F7556}") = "WpfAppLambdaConverter", "WpfAppLambdaConverter\WpfAppLambdaConverter.csproj", "{9F03E57D-A36D-448F-8814-D4A0F620BE6A}"
EndProject
Project("{FAE04EC0-301F-11D3-BF4B-00C04F79EFBC}") = "WpfAppValidationAttribute", "WpfAppValidationAttribute\WpfAppValidationAttribute.csproj", "{01FD6E3F-53AE-4645-9F73-F637FF56CF82}"
EndProject
Global
	GlobalSection(SolutionConfigurationPlatforms) = preSolution
		Debug|Any CPU = Debug|Any CPU
		Release|Any CPU = Release|Any CPU
	EndGlobalSection
	GlobalSection(ProjectConfigurationPlatforms) = postSolution
		{E93F2DE8-A7EF-4CD9-81B9-1C613F5E672A}.Debug|Any CPU.ActiveCfg = Debug|Any CPU
		{E93F2DE8-A7EF-4CD9-81B9-1C613F5E672A}.Debug|Any CPU.Build.0 = Debug|Any CPU
		{E93F2DE8-A7EF-4CD9-81B9-1C613F5E672A}.Release|Any CPU.ActiveCfg = Release|Any CPU
		{E93F2DE8-A7EF-4CD9-81B9-1C613F5E672A}.Release|Any CPU.Build.0 = Release|Any CPU
		{BFA3E2EA-DD6A-4964-BD40-6A04179EF890}.Debug|Any CPU.ActiveCfg = Debug|Any CPU
		{BFA3E2EA-DD6A-4964-BD40-6A04179EF890}.Debug|Any CPU.Build.0 = Debug|Any CPU
		{BFA3E2EA-DD6A-4964-BD40-6A04179EF890}.Release|Any CPU.ActiveCfg = Release|Any CPU
		{BFA3E2EA-DD6A-4964-BD40-6A04179EF890}.Release|Any CPU.Build.0 = Release|Any CPU
		{E138EE54-8424-4A81-A4A4-2D0FC48CB64F}.Debug|Any CPU.ActiveCfg = Debug|Any CPU
		{E138EE54-8424-4A81-A4A4-2D0FC48CB64F}.Debug|Any CPU.Build.0 = Debug|Any CPU
		{E138EE54-8424-4A81-A4A4-2D0FC48CB64F}.Release|Any CPU.ActiveCfg = Release|Any CPU
		{E138EE54-8424-4A81-A4A4-2D0FC48CB64F}.Release|Any CPU.Build.0 = Release|Any CPU
		{589A034B-0119-4F9E-8BEF-9275485630B4}.Debug|Any CPU.ActiveCfg = Debug|Any CPU
		{589A034B-0119-4F9E-8BEF-9275485630B4}.Debug|Any CPU.Build.0 = Debug|Any CPU
		{589A034B-0119-4F9E-8BEF-9275485630B4}.Release|Any CPU.ActiveCfg = Release|Any CPU
		{589A034B-0119-4F9E-8BEF-9275485630B4}.Release|Any CPU.Build.0 = Release|Any CPU
		{64D8AB2A-5009-4AF8-8F4E-7E1F2B80CE40}.Debug|Any CPU.ActiveCfg = Debug|Any CPU
		{64D8AB2A-5009-4AF8-8F4E-7E1F2B80CE40}.Debug|Any CPU.Build.0 = Debug|Any CPU
		{64D8AB2A-5009-4AF8-8F4E-7E1F2B80CE40}.Release|Any CPU.ActiveCfg = Release|Any CPU
		{64D8AB2A-5009-4AF8-8F4E-7E1F2B80CE40}.Release|Any CPU.Build.0 = Release|Any CPU
		{06378247-20CE-41DD-B3DB-CBDBD06A4DCC}.Debug|Any CPU.ActiveCfg = Debug|Any CPU
		{06378247-20CE-41DD-B3DB-CBDBD06A4DCC}.Debug|Any CPU.Build.0 = Debug|Any CPU
		{06378247-20CE-41DD-B3DB-CBDBD06A4DCC}.Release|Any CPU.ActiveCfg = Release|Any CPU
		{06378247-20CE-41DD-B3DB-CBDBD06A4DCC}.Release|Any CPU.Build.0 = Release|Any CPU
		{5521EDF9-1708-4EED-AE36-8906430447BE}.Debug|Any CPU.ActiveCfg = Debug|Any CPU
		{5521EDF9-1708-4EED-AE36-8906430447BE}.Debug|Any CPU.Build.0 = Debug|Any CPU
		{5521EDF9-1708-4EED-AE36-8906430447BE}.Release|Any CPU.ActiveCfg = Release|Any CPU
		{5521EDF9-1708-4EED-AE36-8906430447BE}.Release|Any CPU.Build.0 = Release|Any CPU
		{CB929EA7-211E-4725-B022-6E2F5179B8F6}.Debug|Any CPU.ActiveCfg = Debug|Any CPU
		{CB929EA7-211E-4725-B022-6E2F5179B8F6}.Debug|Any CPU.Build.0 = Debug|Any CPU
		{CB929EA7-211E-4725-B022-6E2F5179B8F6}.Release|Any CPU.ActiveCfg = Release|Any CPU
		{CB929EA7-211E-4725-B022-6E2F5179B8F6}.Release|Any CPU.Build.0 = Release|Any CPU
		{E8AC8E25-37E7-4D4D-BFFE-11CD11D8910B}.Debug|Any CPU.ActiveCfg = Debug|Any CPU
		{E8AC8E25-37E7-4D4D-BFFE-11CD11D8910B}.Debug|Any CPU.Build.0 = Debug|Any CPU
		{E8AC8E25-37E7-4D4D-BFFE-11CD11D8910B}.Release|Any CPU.ActiveCfg = Release|Any CPU
		{E8AC8E25-37E7-4D4D-BFFE-11CD11D8910B}.Release|Any CPU.Build.0 = Release|Any CPU
		{43A8E715-FDCA-427A-956B-156B7156CBDA}.Debug|Any CPU.ActiveCfg = Debug|Any CPU
		{43A8E715-FDCA-427A-956B-156B7156CBDA}.Debug|Any CPU.Build.0 = Debug|Any CPU
		{43A8E715-FDCA-427A-956B-156B7156CBDA}.Release|Any CPU.ActiveCfg = Release|Any CPU
		{43A8E715-FDCA-427A-956B-156B7156CBDA}.Release|Any CPU.Build.0 = Release|Any CPU
		{9F03E57D-A36D-448F-8814-D4A0F620BE6A}.Debug|Any CPU.ActiveCfg = Debug|Any CPU
		{9F03E57D-A36D-448F-8814-D4A0F620BE6A}.Debug|Any CPU.Build.0 = Debug|Any CPU
		{9F03E57D-A36D-448F-8814-D4A0F620BE6A}.Release|Any CPU.ActiveCfg = Release|Any CPU
		{9F03E57D-A36D-448F-8814-D4A0F620BE6A}.Release|Any CPU.Build.0 = Release|Any CPU
		{01FD6E3F-53AE-4645-9F73-F637FF56CF82}.Debug|Any CPU.ActiveCfg = Debug|Any CPU
		{01FD6E3F-53AE-4645-9F73-F637FF56CF82}.Debug|Any CPU.Build.0 = Debug|Any CPU
		{01FD6E3F-53AE-4645-9F73-F637FF56CF82}.Release|Any CPU.ActiveCfg = Release|Any CPU
		{01FD6E3F-53AE-4645-9F73-F637FF56CF82}.Release|Any CPU.Build.0 = Release|Any CPU
	EndGlobalSection
	GlobalSection(SolutionProperties) = preSolution
		HideSolutionNode = FALSE
	EndGlobalSection
	GlobalSection(NestedProjects) = preSolution
		{E93F2DE8-A7EF-4CD9-81B9-1C613F5E672A} = {BF1610C1-95B7-4D99-84F3-6A952AB92D1A}
		{BFA3E2EA-DD6A-4964-BD40-6A04179EF890} = {430E9CB1-CF91-4B38-975E-8011ECDAB316}
		{E138EE54-8424-4A81-A4A4-2D0FC48CB64F} = {9E135BA7-E04D-4B86-A725-FF111D643CBB}
		{589A034B-0119-4F9E-8BEF-9275485630B4} = {9E135BA7-E04D-4B86-A725-FF111D643CBB}
		{64D8AB2A-5009-4AF8-8F4E-7E1F2B80CE40} = {9E135BA7-E04D-4B86-A725-FF111D643CBB}
		{06378247-20CE-41DD-B3DB-CBDBD06A4DCC} = {B0AB8FC3-3ED2-48B7-B2EE-2851FB48E652}
		{5521EDF9-1708-4EED-AE36-8906430447BE} = {B0AB8FC3-3ED2-48B7-B2EE-2851FB48E652}
		{CB929EA7-211E-4725-B022-6E2F5179B8F6} = {B0AB8FC3-3ED2-48B7-B2EE-2851FB48E652}
		{E8AC8E25-37E7-4D4D-BFFE-11CD11D8910B} = {9E135BA7-E04D-4B86-A725-FF111D643CBB}
		{43A8E715-FDCA-427A-956B-156B7156CBDA} = {B0AB8FC3-3ED2-48B7-B2EE-2851FB48E652}
		{9F03E57D-A36D-448F-8814-D4A0F620BE6A} = {B0AB8FC3-3ED2-48B7-B2EE-2851FB48E652}
		{01FD6E3F-53AE-4645-9F73-F637FF56CF82} = {B0AB8FC3-3ED2-48B7-B2EE-2851FB48E652}
	EndGlobalSection
	GlobalSection(ExtensibilityGlobals) = postSolution
		SolutionGuid = {F3471C2B-2F98-473C-B9D0-82778DF2329A}
	EndGlobalSection
EndGlobal
